
Microsoft Visual Studio Solution File, Format Version 12.00
# Visual Studio Version 17
VisualStudioVersion = 17.2.32630.192
MinimumVisualStudioVersion = 10.0.40219.1
Project("{FAE04EC0-301F-11D3-BF4B-00C04F79EFBC}") = "Caluclator3", "Caluclator3\Caluclator3.csproj", "{7BA9319C-E2AB-45C1-8C80-63DEEC2CFC2B}"
EndProject
Global
	GlobalSection(SolutionConfigurationPlatforms) = preSolution
		Debug|Any CPU = Debug|Any CPU
		Release|Any CPU = Release|Any CPU
	EndGlobalSection
	GlobalSection(ProjectConfigurationPlatforms) = postSolution
		{7BA9319C-E2AB-45C1-8C80-63DEEC2CFC2B}.Debug|Any CPU.ActiveCfg = Debug|Any CPU
		{7BA9319C-E2AB-45C1-8C80-63DEEC2CFC2B}.Debug|Any CPU.Build.0 = Debug|Any CPU
		{7BA9319C-E2AB-45C1-8C80-63DEEC2CFC2B}.Release|Any CPU.ActiveCfg = Release|Any CPU
		{7BA9319C-E2AB-45C1-8C80-63DEEC2CFC2B}.Release|Any CPU.Build.0 = Release|Any CPU
	EndGlobalSection
	GlobalSection(SolutionProperties) = preSolution
		HideSolutionNode = FALSE
	EndGlobalSection
	GlobalSection(ExtensibilityGlobals) = postSolution
		SolutionGuid = {A2BDC649-131B-426E-9EC7-C052FADE2C36}
	EndGlobalSection
EndGlobal
